
Microsoft Visual Studio Solution File, Format Version 12.00
# Visual Studio 14
VisualStudioVersion = 14.0.25420.1
MinimumVisualStudioVersion = 10.0.40219.1
Project("{FAE04EC0-301F-11D3-BF4B-00C04F79EFBC}") = "SoruHavuzu", "SoruHavuzu\SoruHavuzu.csproj", "{14609D59-72BC-4FDB-A0F4-17EE9A798B8E}"
EndProject
Project("{FAE04EC0-301F-11D3-BF4B-00C04F79EFBC}") = "Business", "Business\Business.csproj", "{D943BFEE-754D-4B45-AF1E-1A969F31C39E}"
EndProject
Project("{FAE04EC0-301F-11D3-BF4B-00C04F79EFBC}") = "DataManager", "DataManager\DataManager.csproj", "{E6C05EF9-05B2-45ED-BEC4-6C8CF6507EEE}"
EndProject
Project("{FAE04EC0-301F-11D3-BF4B-00C04F79EFBC}") = "Model", "Model\Model.csproj", "{062EB481-9DE6-4C08-88A5-61E955E3613F}"
EndProject
Global
	GlobalSection(SolutionConfigurationPlatforms) = preSolution
		Debug|Any CPU = Debug|Any CPU
		Release|Any CPU = Release|Any CPU
	EndGlobalSection
	GlobalSection(ProjectConfigurationPlatforms) = postSolution
		{14609D59-72BC-4FDB-A0F4-17EE9A798B8E}.Debug|Any CPU.ActiveCfg = Debug|Any CPU
		{14609D59-72BC-4FDB-A0F4-17EE9A798B8E}.Debug|Any CPU.Build.0 = Debug|Any CPU
		{14609D59-72BC-4FDB-A0F4-17EE9A798B8E}.Release|Any CPU.ActiveCfg = Release|Any CPU
		{14609D59-72BC-4FDB-A0F4-17EE9A798B8E}.Release|Any CPU.Build.0 = Release|Any CPU
		{D943BFEE-754D-4B45-AF1E-1A969F31C39E}.Debug|Any CPU.ActiveCfg = Debug|Any CPU
		{D943BFEE-754D-4B45-AF1E-1A969F31C39E}.Debug|Any CPU.Build.0 = Debug|Any CPU
		{D943BFEE-754D-4B45-AF1E-1A969F31C39E}.Release|Any CPU.ActiveCfg = Release|Any CPU
		{D943BFEE-754D-4B45-AF1E-1A969F31C39E}.Release|Any CPU.Build.0 = Release|Any CPU
		{E6C05EF9-05B2-45ED-BEC4-6C8CF6507EEE}.Debug|Any CPU.ActiveCfg = Debug|Any CPU
		{E6C05EF9-05B2-45ED-BEC4-6C8CF6507EEE}.Debug|Any CPU.Build.0 = Debug|Any CPU
		{E6C05EF9-05B2-45ED-BEC4-6C8CF6507EEE}.Release|Any CPU.ActiveCfg = Release|Any CPU
		{E6C05EF9-05B2-45ED-BEC4-6C8CF6507EEE}.Release|Any CPU.Build.0 = Release|Any CPU
		{062EB481-9DE6-4C08-88A5-61E955E3613F}.Debug|Any CPU.ActiveCfg = Debug|Any CPU
		{062EB481-9DE6-4C08-88A5-61E955E3613F}.Debug|Any CPU.Build.0 = Debug|Any CPU
		{062EB481-9DE6-4C08-88A5-61E955E3613F}.Release|Any CPU.ActiveCfg = Release|Any CPU
		{062EB481-9DE6-4C08-88A5-61E955E3613F}.Release|Any CPU.Build.0 = Release|Any CPU
	EndGlobalSection
	GlobalSection(SolutionProperties) = preSolution
		HideSolutionNode = FALSE
	EndGlobalSection
EndGlobal
